<Solution>
  <Folder Name="/Verification/">
    <Project Path="Verification/projects/Lib.Db.IntegrationTests/Lib.Db.IntegrationTests.csproj" />
    <Project Path="Verification/projects/Lib.Db.AotVerification/Lib.Db.AotVerification.csproj" />
    <Project Path="Verification/projects/Lib.Db.Benchmarks/Lib.Db.Benchmarks.csproj" />
    <Project Path="Verification/projects/Lib.Db.AotSmoke/Lib.Db.AotSmoke.csproj" />
    <Project Path="Verification/projects/Lib.Db.ChaosHarness/Lib.Db.ChaosHarness.csproj" />
  </Folder>
  <Project Path="Lib.Db/Lib.Db.csproj" />
  <Project Path="Lib.Db.Tools/Lib.Db.Tools.csproj" />
</Solution>
